
Microsoft Visual Studio Solution File, Format Version 12.00
# Visual Studio Version 16
VisualStudioVersion = 16.0.31112.23
MinimumVisualStudioVersion = 10.0.40219.1
Project("{FAE04EC0-301F-11D3-BF4B-00C04F79EFBC}") = "ODataVeterinary", "ODataVeterinary\ODataVeterinary.csproj", "{55DC83E9-5B8C-48A6-9CBB-5AA71C27A213}"
EndProject
Project("{2150E333-8FDC-42A3-9474-1A3956D46DE8}") = "01-ODataVeterinary.API", "01-ODataVeterinary.API", "{7635D35E-DB0A-4F3F-B5E1-4E2C23F558BD}"
EndProject
Global
	GlobalSection(SolutionConfigurationPlatforms) = preSolution
		Debug|Any CPU = Debug|Any CPU
		Release|Any CPU = Release|Any CPU
	EndGlobalSection
	GlobalSection(ProjectConfigurationPlatforms) = postSolution
		{55DC83E9-5B8C-48A6-9CBB-5AA71C27A213}.Debug|Any CPU.ActiveCfg = Debug|Any CPU
		{55DC83E9-5B8C-48A6-9CBB-5AA71C27A213}.Debug|Any CPU.Build.0 = Debug|Any CPU
		{55DC83E9-5B8C-48A6-9CBB-5AA71C27A213}.Release|Any CPU.ActiveCfg = Release|Any CPU
		{55DC83E9-5B8C-48A6-9CBB-5AA71C27A213}.Release|Any CPU.Build.0 = Release|Any CPU
	EndGlobalSection
	GlobalSection(SolutionProperties) = preSolution
		HideSolutionNode = FALSE
	EndGlobalSection
	GlobalSection(NestedProjects) = preSolution
		{55DC83E9-5B8C-48A6-9CBB-5AA71C27A213} = {7635D35E-DB0A-4F3F-B5E1-4E2C23F558BD}
	EndGlobalSection
	GlobalSection(ExtensibilityGlobals) = postSolution
		SolutionGuid = {01F7B98C-1F40-4CE0-A6EC-F16B30500074}
	EndGlobalSection
EndGlobal
